
Microsoft Visual Studio Solution File, Format Version 12.00
# Visual Studio Version 17
VisualStudioVersion = 17.11.35327.3
MinimumVisualStudioVersion = 10.0.40219.1
Project("{FAE04EC0-301F-11D3-BF4B-00C04F79EFBC}") = "CodeFirstWebApplication", "CodeFirstWebApplication\CodeFirstWebApplication.csproj", "{05E966B6-1DD1-49C6-B0B4-E18C19817B48}"
EndProject
Global
	GlobalSection(SolutionConfigurationPlatforms) = preSolution
		Debug|Any CPU = Debug|Any CPU
		Release|Any CPU = Release|Any CPU
	EndGlobalSection
	GlobalSection(ProjectConfigurationPlatforms) = postSolution
		{05E966B6-1DD1-49C6-B0B4-E18C19817B48}.Debug|Any CPU.ActiveCfg = Debug|Any CPU
		{05E966B6-1DD1-49C6-B0B4-E18C19817B48}.Debug|Any CPU.Build.0 = Debug|Any CPU
		{05E966B6-1DD1-49C6-B0B4-E18C19817B48}.Release|Any CPU.ActiveCfg = Release|Any CPU
		{05E966B6-1DD1-49C6-B0B4-E18C19817B48}.Release|Any CPU.Build.0 = Release|Any CPU
	EndGlobalSection
	GlobalSection(SolutionProperties) = preSolution
		HideSolutionNode = FALSE
	EndGlobalSection
	GlobalSection(ExtensibilityGlobals) = postSolution
		SolutionGuid = {DD9A7DAC-E82D-4166-88B2-2AD12FFAB762}
	EndGlobalSection
EndGlobal
